
Microsoft Visual Studio Solution File, Format Version 12.00
# Visual Studio Version 17
VisualStudioVersion = 17.8.34316.72
MinimumVisualStudioVersion = 10.0.40219.1
Project("{FAE04EC0-301F-11D3-BF4B-00C04F79EFBC}") = "Modact.Admin", "Modact.Admin\Modact.Admin.csproj", "{D33F957A-007A-477E-B9F0-E1A564A614E6}"
EndProject
Global
	GlobalSection(SolutionConfigurationPlatforms) = preSolution
		Debug|Any CPU = Debug|Any CPU
		Release|Any CPU = Release|Any CPU
	EndGlobalSection
	GlobalSection(ProjectConfigurationPlatforms) = postSolution
		{D33F957A-007A-477E-B9F0-E1A564A614E6}.Debug|Any CPU.ActiveCfg = Debug|Any CPU
		{D33F957A-007A-477E-B9F0-E1A564A614E6}.Debug|Any CPU.Build.0 = Debug|Any CPU
		{D33F957A-007A-477E-B9F0-E1A564A614E6}.Release|Any CPU.ActiveCfg = Release|Any CPU
		{D33F957A-007A-477E-B9F0-E1A564A614E6}.Release|Any CPU.Build.0 = Release|Any CPU
	EndGlobalSection
	GlobalSection(SolutionProperties) = preSolution
		HideSolutionNode = FALSE
	EndGlobalSection
	GlobalSection(ExtensibilityGlobals) = postSolution
		SolutionGuid = {C6781D77-AAF4-48C4-996D-C8AA1ABE281D}
	EndGlobalSection
EndGlobal
